
Microsoft Visual Studio Solution File, Format Version 12.00
# Visual Studio Version 16
VisualStudioVersion = 16.0.30503.244
MinimumVisualStudioVersion = 10.0.40219.1
Project("{FAE04EC0-301F-11D3-BF4B-00C04F79EFBC}") = "Password Management Software", "Password Management Software.csproj", "{8BC56152-297E-4DD6-B0A8-F1EDABF6543B}"
EndProject
Global
	GlobalSection(SolutionConfigurationPlatforms) = preSolution
		Debug|Any CPU = Debug|Any CPU
		Release|Any CPU = Release|Any CPU
	EndGlobalSection
	GlobalSection(ProjectConfigurationPlatforms) = postSolution
		{8BC56152-297E-4DD6-B0A8-F1EDABF6543B}.Debug|Any CPU.ActiveCfg = Debug|Any CPU
		{8BC56152-297E-4DD6-B0A8-F1EDABF6543B}.Debug|Any CPU.Build.0 = Debug|Any CPU
		{8BC56152-297E-4DD6-B0A8-F1EDABF6543B}.Release|Any CPU.ActiveCfg = Release|Any CPU
		{8BC56152-297E-4DD6-B0A8-F1EDABF6543B}.Release|Any CPU.Build.0 = Release|Any CPU
	EndGlobalSection
	GlobalSection(SolutionProperties) = preSolution
		HideSolutionNode = FALSE
	EndGlobalSection
	GlobalSection(ExtensibilityGlobals) = postSolution
		SolutionGuid = {B678A9A5-5A07-4937-9408-0EB4D2BA0C04}
	EndGlobalSection
EndGlobal
